
Microsoft Visual Studio Solution File, Format Version 12.00
# Visual Studio 15
VisualStudioVersion = 15.0.26124.0
MinimumVisualStudioVersion = 15.0.26124.0
Project("{FAE04EC0-301F-11D3-BF4B-00C04F79EFBC}") = "Patterns.Chap3.Model", "Patterns.Chap3.Model\Patterns.Chap3.Model.csproj", "{D40D5EE6-2178-4943-A3C9-673A3977EC82}"
EndProject
Project("{FAE04EC0-301F-11D3-BF4B-00C04F79EFBC}") = "Patterns.Chap3.Respository", "Patterns.Chap3.Respository\Patterns.Chap3.Respository.csproj", "{95C2A469-B73B-4484-AA07-2308862520CD}"
EndProject
Project("{FAE04EC0-301F-11D3-BF4B-00C04F79EFBC}") = "Patterns.Chap3.Service", "Patterns.Chap3.Service\Patterns.Chap3.Service.csproj", "{6B798915-EFFA-479E-BEFC-638D19CA1EAC}"
EndProject
Project("{FAE04EC0-301F-11D3-BF4B-00C04F79EFBC}") = "Patterns.Chap3.Presentation", "Patterns.Chap3.Presentation\Patterns.Chap3.Presentation.csproj", "{AA4D349E-FD69-4C48-B920-1B7D17D0D396}"
EndProject
Project("{FAE04EC0-301F-11D3-BF4B-00C04F79EFBC}") = "Patterns.Chap3.WebUI", "Patterns.Chap3.WebUI\Patterns.Chap3.WebUI.csproj", "{79A122DC-2583-4A3E-BB49-DC83B71FEE38}"
EndProject
Global
	GlobalSection(SolutionConfigurationPlatforms) = preSolution
		Debug|Any CPU = Debug|Any CPU
		Debug|x64 = Debug|x64
		Debug|x86 = Debug|x86
		Release|Any CPU = Release|Any CPU
		Release|x64 = Release|x64
		Release|x86 = Release|x86
	EndGlobalSection
	GlobalSection(SolutionProperties) = preSolution
		HideSolutionNode = FALSE
	EndGlobalSection
	GlobalSection(ProjectConfigurationPlatforms) = postSolution
		{D40D5EE6-2178-4943-A3C9-673A3977EC82}.Debug|Any CPU.ActiveCfg = Debug|Any CPU
		{D40D5EE6-2178-4943-A3C9-673A3977EC82}.Debug|Any CPU.Build.0 = Debug|Any CPU
		{D40D5EE6-2178-4943-A3C9-673A3977EC82}.Debug|x64.ActiveCfg = Debug|Any CPU
		{D40D5EE6-2178-4943-A3C9-673A3977EC82}.Debug|x64.Build.0 = Debug|Any CPU
		{D40D5EE6-2178-4943-A3C9-673A3977EC82}.Debug|x86.ActiveCfg = Debug|Any CPU
		{D40D5EE6-2178-4943-A3C9-673A3977EC82}.Debug|x86.Build.0 = Debug|Any CPU
		{D40D5EE6-2178-4943-A3C9-673A3977EC82}.Release|Any CPU.ActiveCfg = Release|Any CPU
		{D40D5EE6-2178-4943-A3C9-673A3977EC82}.Release|Any CPU.Build.0 = Release|Any CPU
		{D40D5EE6-2178-4943-A3C9-673A3977EC82}.Release|x64.ActiveCfg = Release|Any CPU
		{D40D5EE6-2178-4943-A3C9-673A3977EC82}.Release|x64.Build.0 = Release|Any CPU
		{D40D5EE6-2178-4943-A3C9-673A3977EC82}.Release|x86.ActiveCfg = Release|Any CPU
		{D40D5EE6-2178-4943-A3C9-673A3977EC82}.Release|x86.Build.0 = Release|Any CPU
		{95C2A469-B73B-4484-AA07-2308862520CD}.Debug|Any CPU.ActiveCfg = Debug|Any CPU
		{95C2A469-B73B-4484-AA07-2308862520CD}.Debug|Any CPU.Build.0 = Debug|Any CPU
		{95C2A469-B73B-4484-AA07-2308862520CD}.Debug|x64.ActiveCfg = Debug|Any CPU
		{95C2A469-B73B-4484-AA07-2308862520CD}.Debug|x64.Build.0 = Debug|Any CPU
		{95C2A469-B73B-4484-AA07-2308862520CD}.Debug|x86.ActiveCfg = Debug|Any CPU
		{95C2A469-B73B-4484-AA07-2308862520CD}.Debug|x86.Build.0 = Debug|Any CPU
		{95C2A469-B73B-4484-AA07-2308862520CD}.Release|Any CPU.ActiveCfg = Release|Any CPU
		{95C2A469-B73B-4484-AA07-2308862520CD}.Release|Any CPU.Build.0 = Release|Any CPU
		{95C2A469-B73B-4484-AA07-2308862520CD}.Release|x64.ActiveCfg = Release|Any CPU
		{95C2A469-B73B-4484-AA07-2308862520CD}.Release|x64.Build.0 = Release|Any CPU
		{95C2A469-B73B-4484-AA07-2308862520CD}.Release|x86.ActiveCfg = Release|Any CPU
		{95C2A469-B73B-4484-AA07-2308862520CD}.Release|x86.Build.0 = Release|Any CPU
		{6B798915-EFFA-479E-BEFC-638D19CA1EAC}.Debug|Any CPU.ActiveCfg = Debug|Any CPU
		{6B798915-EFFA-479E-BEFC-638D19CA1EAC}.Debug|Any CPU.Build.0 = Debug|Any CPU
		{6B798915-EFFA-479E-BEFC-638D19CA1EAC}.Debug|x64.ActiveCfg = Debug|Any CPU
		{6B798915-EFFA-479E-BEFC-638D19CA1EAC}.Debug|x64.Build.0 = Debug|Any CPU
		{6B798915-EFFA-479E-BEFC-638D19CA1EAC}.Debug|x86.ActiveCfg = Debug|Any CPU
		{6B798915-EFFA-479E-BEFC-638D19CA1EAC}.Debug|x86.Build.0 = Debug|Any CPU
		{6B798915-EFFA-479E-BEFC-638D19CA1EAC}.Release|Any CPU.ActiveCfg = Release|Any CPU
		{6B798915-EFFA-479E-BEFC-638D19CA1EAC}.Release|Any CPU.Build.0 = Release|Any CPU
		{6B798915-EFFA-479E-BEFC-638D19CA1EAC}.Release|x64.ActiveCfg = Release|Any CPU
		{6B798915-EFFA-479E-BEFC-638D19CA1EAC}.Release|x64.Build.0 = Release|Any CPU
		{6B798915-EFFA-479E-BEFC-638D19CA1EAC}.Release|x86.ActiveCfg = Release|Any CPU
		{6B798915-EFFA-479E-BEFC-638D19CA1EAC}.Release|x86.Build.0 = Release|Any CPU
		{AA4D349E-FD69-4C48-B920-1B7D17D0D396}.Debug|Any CPU.ActiveCfg = Debug|Any CPU
		{AA4D349E-FD69-4C48-B920-1B7D17D0D396}.Debug|Any CPU.Build.0 = Debug|Any CPU
		{AA4D349E-FD69-4C48-B920-1B7D17D0D396}.Debug|x64.ActiveCfg = Debug|Any CPU
		{AA4D349E-FD69-4C48-B920-1B7D17D0D396}.Debug|x64.Build.0 = Debug|Any CPU
		{AA4D349E-FD69-4C48-B920-1B7D17D0D396}.Debug|x86.ActiveCfg = Debug|Any CPU
		{AA4D349E-FD69-4C48-B920-1B7D17D0D396}.Debug|x86.Build.0 = Debug|Any CPU
		{AA4D349E-FD69-4C48-B920-1B7D17D0D396}.Release|Any CPU.ActiveCfg = Release|Any CPU
		{AA4D349E-FD69-4C48-B920-1B7D17D0D396}.Release|Any CPU.Build.0 = Release|Any CPU
		{AA4D349E-FD69-4C48-B920-1B7D17D0D396}.Release|x64.ActiveCfg = Release|Any CPU
		{AA4D349E-FD69-4C48-B920-1B7D17D0D396}.Release|x64.Build.0 = Release|Any CPU
		{AA4D349E-FD69-4C48-B920-1B7D17D0D396}.Release|x86.ActiveCfg = Release|Any CPU
		{AA4D349E-FD69-4C48-B920-1B7D17D0D396}.Release|x86.Build.0 = Release|Any CPU
		{79A122DC-2583-4A3E-BB49-DC83B71FEE38}.Debug|Any CPU.ActiveCfg = Debug|Any CPU
		{79A122DC-2583-4A3E-BB49-DC83B71FEE38}.Debug|Any CPU.Build.0 = Debug|Any CPU
		{79A122DC-2583-4A3E-BB49-DC83B71FEE38}.Debug|x64.ActiveCfg = Debug|Any CPU
		{79A122DC-2583-4A3E-BB49-DC83B71FEE38}.Debug|x64.Build.0 = Debug|Any CPU
		{79A122DC-2583-4A3E-BB49-DC83B71FEE38}.Debug|x86.ActiveCfg = Debug|Any CPU
		{79A122DC-2583-4A3E-BB49-DC83B71FEE38}.Debug|x86.Build.0 = Debug|Any CPU
		{79A122DC-2583-4A3E-BB49-DC83B71FEE38}.Release|Any CPU.ActiveCfg = Release|Any CPU
		{79A122DC-2583-4A3E-BB49-DC83B71FEE38}.Release|Any CPU.Build.0 = Release|Any CPU
		{79A122DC-2583-4A3E-BB49-DC83B71FEE38}.Release|x64.ActiveCfg = Release|Any CPU
		{79A122DC-2583-4A3E-BB49-DC83B71FEE38}.Release|x64.Build.0 = Release|Any CPU
		{79A122DC-2583-4A3E-BB49-DC83B71FEE38}.Release|x86.ActiveCfg = Release|Any CPU
		{79A122DC-2583-4A3E-BB49-DC83B71FEE38}.Release|x86.Build.0 = Release|Any CPU
	EndGlobalSection
EndGlobal
